
Microsoft Visual Studio Solution File, Format Version 12.00
# Visual Studio Version 17
VisualStudioVersion = 17.5.33414.496
MinimumVisualStudioVersion = 10.0.40219.1
Project("{FAE04EC0-301F-11D3-BF4B-00C04F79EFBC}") = "QueueT", "QueueT\QueueT.csproj", "{A253BD30-D874-467E-B4A3-958FD6F66C37}"
EndProject
Global
	GlobalSection(SolutionConfigurationPlatforms) = preSolution
		Debug|Any CPU = Debug|Any CPU
		Release|Any CPU = Release|Any CPU
	EndGlobalSection
	GlobalSection(ProjectConfigurationPlatforms) = postSolution
		{A253BD30-D874-467E-B4A3-958FD6F66C37}.Debug|Any CPU.ActiveCfg = Debug|Any CPU
		{A253BD30-D874-467E-B4A3-958FD6F66C37}.Debug|Any CPU.Build.0 = Debug|Any CPU
		{A253BD30-D874-467E-B4A3-958FD6F66C37}.Release|Any CPU.ActiveCfg = Release|Any CPU
		{A253BD30-D874-467E-B4A3-958FD6F66C37}.Release|Any CPU.Build.0 = Release|Any CPU
	EndGlobalSection
	GlobalSection(SolutionProperties) = preSolution
		HideSolutionNode = FALSE
	EndGlobalSection
	GlobalSection(ExtensibilityGlobals) = postSolution
		SolutionGuid = {4F78BDD8-781F-4D02-9E18-FA96F7E441E7}
	EndGlobalSection
EndGlobal
